
Microsoft Visual Studio Solution File, Format Version 12.00
# Visual Studio Version 17
VisualStudioVersion = 17.9.34902.65
MinimumVisualStudioVersion = 10.0.40219.1
Project("{FAE04EC0-301F-11D3-BF4B-00C04F79EFBC}") = "TicketPrice", "TicketPrice.csproj", "{531B86AC-A5FC-4C93-B170-B7E24F9CE2FC}"
EndProject
Global
	GlobalSection(SolutionConfigurationPlatforms) = preSolution
		Debug|Any CPU = Debug|Any CPU
		Release|Any CPU = Release|Any CPU
	EndGlobalSection
	GlobalSection(ProjectConfigurationPlatforms) = postSolution
		{531B86AC-A5FC-4C93-B170-B7E24F9CE2FC}.Debug|Any CPU.ActiveCfg = Debug|Any CPU
		{531B86AC-A5FC-4C93-B170-B7E24F9CE2FC}.Debug|Any CPU.Build.0 = Debug|Any CPU
		{531B86AC-A5FC-4C93-B170-B7E24F9CE2FC}.Release|Any CPU.ActiveCfg = Release|Any CPU
		{531B86AC-A5FC-4C93-B170-B7E24F9CE2FC}.Release|Any CPU.Build.0 = Release|Any CPU
	EndGlobalSection
	GlobalSection(SolutionProperties) = preSolution
		HideSolutionNode = FALSE
	EndGlobalSection
	GlobalSection(ExtensibilityGlobals) = postSolution
		SolutionGuid = {E9130BCE-E563-4313-9AEA-EB942D5BD98B}
	EndGlobalSection
EndGlobal
